
Microsoft Visual Studio Solution File, Format Version 12.00
# Visual Studio Version 17
VisualStudioVersion = 17.5.002.0
MinimumVisualStudioVersion = 10.0.40219.1
Project("{9A19103F-16F7-4668-BE54-9A1E7A4F7556}") = "CountBookmarks", "CountBookmarks\CountBookmarks.csproj", "{D0A47430-CD11-4246-9725-48CE4CFB1B21}"
EndProject
Project("{9A19103F-16F7-4668-BE54-9A1E7A4F7556}") = "EventHandling", "EventHandling\EventHandling.csproj", "{921D3CCF-6EBD-4637-91C0-7A9173D50BDF}"
EndProject
Project("{9A19103F-16F7-4668-BE54-9A1E7A4F7556}") = "GitHubBranchDelete", "GitHubBranchDelete\GitHubBranchDelete.csproj", "{E406DF84-605F-4040-9848-B80B283029BB}"
EndProject
Project("{2150E333-8FDC-42A3-9474-1A3956D46DE8}") = "GradeBook", "GradeBook", "{49470F14-F342-4CD8-B976-7AABC72A41E4}"
EndProject
Project("{2150E333-8FDC-42A3-9474-1A3956D46DE8}") = "src", "src", "{BBB6EFCF-F28E-4A58-A08C-91C524E11218}"
EndProject
Project("{9A19103F-16F7-4668-BE54-9A1E7A4F7556}") = "GradeBook", "GradeBook\src\GradeBook\GradeBook.csproj", "{2BF5165E-AF7A-421B-8D23-9957400E15ED}"
EndProject
Project("{2150E333-8FDC-42A3-9474-1A3956D46DE8}") = "test", "test", "{C755A8A7-4A2B-475F-AA14-2579EA6A9765}"
EndProject
Project("{9A19103F-16F7-4668-BE54-9A1E7A4F7556}") = "GradeBook.tests", "GradeBook\test\GradeBook.tests\GradeBook.tests.csproj", "{51AB101D-A6CB-4F10-8317-B1A20D4E010A}"
EndProject
Global
	GlobalSection(SolutionConfigurationPlatforms) = preSolution
		Debug|Any CPU = Debug|Any CPU
		Release|Any CPU = Release|Any CPU
	EndGlobalSection
	GlobalSection(ProjectConfigurationPlatforms) = postSolution
		{D0A47430-CD11-4246-9725-48CE4CFB1B21}.Debug|Any CPU.ActiveCfg = Debug|Any CPU
		{D0A47430-CD11-4246-9725-48CE4CFB1B21}.Debug|Any CPU.Build.0 = Debug|Any CPU
		{D0A47430-CD11-4246-9725-48CE4CFB1B21}.Release|Any CPU.ActiveCfg = Release|Any CPU
		{D0A47430-CD11-4246-9725-48CE4CFB1B21}.Release|Any CPU.Build.0 = Release|Any CPU
		{921D3CCF-6EBD-4637-91C0-7A9173D50BDF}.Debug|Any CPU.ActiveCfg = Debug|Any CPU
		{921D3CCF-6EBD-4637-91C0-7A9173D50BDF}.Debug|Any CPU.Build.0 = Debug|Any CPU
		{921D3CCF-6EBD-4637-91C0-7A9173D50BDF}.Release|Any CPU.ActiveCfg = Release|Any CPU
		{921D3CCF-6EBD-4637-91C0-7A9173D50BDF}.Release|Any CPU.Build.0 = Release|Any CPU
		{E406DF84-605F-4040-9848-B80B283029BB}.Debug|Any CPU.ActiveCfg = Debug|Any CPU
		{E406DF84-605F-4040-9848-B80B283029BB}.Debug|Any CPU.Build.0 = Debug|Any CPU
		{E406DF84-605F-4040-9848-B80B283029BB}.Release|Any CPU.ActiveCfg = Release|Any CPU
		{E406DF84-605F-4040-9848-B80B283029BB}.Release|Any CPU.Build.0 = Release|Any CPU
		{2BF5165E-AF7A-421B-8D23-9957400E15ED}.Debug|Any CPU.ActiveCfg = Debug|Any CPU
		{2BF5165E-AF7A-421B-8D23-9957400E15ED}.Debug|Any CPU.Build.0 = Debug|Any CPU
		{2BF5165E-AF7A-421B-8D23-9957400E15ED}.Release|Any CPU.ActiveCfg = Release|Any CPU
		{2BF5165E-AF7A-421B-8D23-9957400E15ED}.Release|Any CPU.Build.0 = Release|Any CPU
		{51AB101D-A6CB-4F10-8317-B1A20D4E010A}.Debug|Any CPU.ActiveCfg = Debug|Any CPU
		{51AB101D-A6CB-4F10-8317-B1A20D4E010A}.Debug|Any CPU.Build.0 = Debug|Any CPU
		{51AB101D-A6CB-4F10-8317-B1A20D4E010A}.Release|Any CPU.ActiveCfg = Release|Any CPU
		{51AB101D-A6CB-4F10-8317-B1A20D4E010A}.Release|Any CPU.Build.0 = Release|Any CPU
	EndGlobalSection
	GlobalSection(SolutionProperties) = preSolution
		HideSolutionNode = FALSE
	EndGlobalSection
	GlobalSection(NestedProjects) = preSolution
		{BBB6EFCF-F28E-4A58-A08C-91C524E11218} = {49470F14-F342-4CD8-B976-7AABC72A41E4}
		{2BF5165E-AF7A-421B-8D23-9957400E15ED} = {BBB6EFCF-F28E-4A58-A08C-91C524E11218}
		{C755A8A7-4A2B-475F-AA14-2579EA6A9765} = {49470F14-F342-4CD8-B976-7AABC72A41E4}
		{51AB101D-A6CB-4F10-8317-B1A20D4E010A} = {C755A8A7-4A2B-475F-AA14-2579EA6A9765}
	EndGlobalSection
	GlobalSection(ExtensibilityGlobals) = postSolution
		SolutionGuid = {226723E6-AB0D-48B3-8AAD-69C7D9C125F9}
	EndGlobalSection
EndGlobal
